// !$*UTF8*$!
{
	archiveVersion = 1;
	classes = {
	};
	objectVersion = 46;
	objects = {

/* Begin PBXFileReference section */
		6BBA7E8F1D310CE400EDD027 /* css */ = {isa = PBXFileReference; lastKnownFileType = folder; path = css; sourceTree = "<group>"; };
		6BBA7E901D310CE400EDD027 /* img */ = {isa = PBXFileReference; lastKnownFileType = folder; path = img; sourceTree = "<group>"; };
		6BBA7E911D310CE400EDD027 /* index.html */ = {isa = PBXFileReference; lastKnownFileType = text.html; path = index.html; sourceTree = "<group>"; };
		6BBA7E921D310CE400EDD027 /* js */ = {isa = PBXFileReference; lastKnownFileType = folder; path = js; sourceTree = "<group>"; };
		6BBA7E931D310CE400EDD027 /* views */ = {isa = PBXFileReference; lastKnownFileType = folder; path = views; sourceTree = "<group>"; };
		6BBA7E941D310D3600EDD027 /* config.xml */ = {isa = PBXFileReference; lastKnownFileType = text.xml; path = config.xml; sourceTree = "<group>"; };
/* End PBXFileReference section */

/* Begin PBXGroup section */
		6BBA7E881D310C9E00EDD027 = {
			isa = PBXGroup;
			children = (
				6BBA7E941D310D3600EDD027 /* config.xml */,
				6BBA7E8F1D310CE400EDD027 /* css */,
				6BBA7E901D310CE400EDD027 /* img */,
				6BBA7E911D310CE400EDD027 /* index.html */,
				6BBA7E921D310CE400EDD027 /* js */,
				6BBA7E931D310CE400EDD027 /* views */,
			);
			sourceTree = "<group>";
		};
/* End PBXGroup section */

/* Begin PBXProject section */
		6BBA7E891D310C9E00EDD027 /* Project object */ = {
			isa = PBXProject;
			attributes = {
				LastUpgradeCheck = 0730;
			};
			buildConfigurationList = 6BBA7E8C1D310C9E00EDD027 /* Build configuration list for PBXProject "photosaver" */;
			compatibilityVersion = "Xcode 3.2";
			developmentRegion = English;
			hasScannedForEncodings = 0;
			knownRegions = (
				en,
			);
			mainGroup = 6BBA7E881D310C9E00EDD027;
			projectDirPath = "";
			projectRoot = "";
			targets = (
			);
		};
/* End PBXProject section */

/* Begin XCBuildConfiguration section */
		6BBA7E8D1D310C9E00EDD027 /* Debug */ = {
			isa = XCBuildConfiguration;
			buildSettings = {
			};
			name = Debug;
		};
		6BBA7E8E1D310C9E00EDD027 /* Release */ = {
			isa = XCBuildConfiguration;
			buildSettings = {
			};
			name = Release;
		};
/* End XCBuildConfiguration section */

/* Begin XCConfigurationList section */
		6BBA7E8C1D310C9E00EDD027 /* Build configuration list for PBXProject "photosaver" */ = {
			isa = XCConfigurationList;
			buildConfigurations = (
				6BBA7E8D1D310C9E00EDD027 /* Debug */,
				6BBA7E8E1D310C9E00EDD027 /* Release */,
			);
			defaultConfigurationIsVisible = 0;
			defaultConfigurationName = Release;
		};
/* End XCConfigurationList section */
	};
	rootObject = 6BBA7E891D310C9E00EDD027 /* Project object */;
}
